{
  "nodes": {
    "nixpkgs": {
      "locked": {
        "lastModified": 1658985157,
        "narHash": "sha256-f8JN0mQGSaEfw6HjMST0yViBTln/kzfTxe+qHutzvEI=",
        "owner": "NixOS",
        "repo": "nixpkgs",
        "rev": "bba87fc2a33618d86233fbdddc6b84971e6b5558",
        "type": "github"
      },
      "original": {
        "owner": "NixOS",
        "ref": "nixos-unstable",
        "repo": "nixpkgs",
        "type": "github"
      }
    },
    "root": {
      "inputs": {
        "nixpkgs": "nixpkgs"
      }
    }
  },
  "root": "root",
  "version": 7
}
